# This is a Gradle generated file for dependency locking.
# Manual edits can break the build and are not advised.
# This file is expected to be part of source control.
abrams.mission.impossible.three:declangormley:2.8.0
abrams.mission.impossible.three:ethanhunt:1.0.28
abrams.mission.impossible.three:johnmusgrave:1.0.28
abrams.mission.impossible.three:juliameade:2.7.5
abrams.mission.impossible.three:lindseyfarris:1.0.28
abrams.mission.impossible.three:lutherstickell:2.8.0
abrams.mission.impossible.three:owendavian:2.7.4
abrams.star.trek.into.darkness:jamestkirk:8.16.2
abrams.star.trek.into.darkness:khan:8.16.2
abrams.star.trek.into.darkness:leonardmccoy:8.16.2
abrams.star.trek.into.darkness:montgomeryscott:8.16.2
abrams.star.trek.into.darkness:spock:8.16.2
abrams.star.wars.the.force.awakens:hansolo:2.22.3
abrams.super.eight:josephfrancislamb:1.4.11
antlr:antlr:2.7.7
aopalliance:aopalliance:1.0
asm:asm-commons:3.3
asm:asm-tree:3.3
asm:asm:3.3.1
avro:avro-compiler:1.6.3
avro:avro:1.6.3
backport-util-concurrent:backport-util-concurrent:3.0
cglib:cglib-nodep:2.2.2
cglib:cglib:3.2.1
ch.ethz.ssh2:ganymed-ssh2:build250
ch.qos.logback:logback-classic:1.0.13
ch.qos.logback:logback-core:1.0.13
com.101tec:zkclient:0.3
com.addthis.metrics:reporter-config:2.1.0
com.amazonaws:aws-java-sdk-acm:1.11.18
com.amazonaws:aws-java-sdk-api-gateway:1.11.18
com.amazonaws:aws-java-sdk-applicationautoscaling:1.11.18
com.amazonaws:aws-java-sdk-autoscaling:1.11.18
com.amazonaws:aws-java-sdk-cloudformation:1.11.18
com.amazonaws:aws-java-sdk-cloudfront:1.11.18
com.amazonaws:aws-java-sdk-cloudhsm:1.11.18
com.amazonaws:aws-java-sdk-cloudsearch:1.11.18
com.amazonaws:aws-java-sdk-cloudtrail:1.11.18
com.amazonaws:aws-java-sdk-cloudwatch:1.11.18
com.amazonaws:aws-java-sdk-cloudwatchmetrics:1.11.18
com.amazonaws:aws-java-sdk-codecommit:1.11.18
com.amazonaws:aws-java-sdk-codedeploy:1.11.18
com.amazonaws:aws-java-sdk-codepipeline:1.11.18
com.amazonaws:aws-java-sdk-cognitoidentity:1.11.18
com.amazonaws:aws-java-sdk-cognitoidp:1.11.18
com.amazonaws:aws-java-sdk-cognitosync:1.11.18
com.amazonaws:aws-java-sdk-config:1.11.18
com.amazonaws:aws-java-sdk-core:1.11.28
com.amazonaws:aws-java-sdk-datapipeline:1.11.18
com.amazonaws:aws-java-sdk-devicefarm:1.11.18
com.amazonaws:aws-java-sdk-directconnect:1.11.18
com.amazonaws:aws-java-sdk-directory:1.11.18
com.amazonaws:aws-java-sdk-discovery:1.11.18
com.amazonaws:aws-java-sdk-dms:1.11.18
com.amazonaws:aws-java-sdk-dynamodb:1.11.18
com.amazonaws:aws-java-sdk-ec2:1.11.18
com.amazonaws:aws-java-sdk-ecr:1.11.18
com.amazonaws:aws-java-sdk-ecs:1.11.18
com.amazonaws:aws-java-sdk-efs:1.11.18
com.amazonaws:aws-java-sdk-elasticache:1.11.18
com.amazonaws:aws-java-sdk-elasticbeanstalk:1.11.18
com.amazonaws:aws-java-sdk-elasticloadbalancing:1.11.18
com.amazonaws:aws-java-sdk-elasticsearch:1.11.18
com.amazonaws:aws-java-sdk-elastictranscoder:1.11.18
com.amazonaws:aws-java-sdk-emr:1.11.18
com.amazonaws:aws-java-sdk-events:1.11.18
com.amazonaws:aws-java-sdk-gamelift:1.11.18
com.amazonaws:aws-java-sdk-glacier:1.11.18
com.amazonaws:aws-java-sdk-iam:1.11.18
com.amazonaws:aws-java-sdk-importexport:1.11.18
com.amazonaws:aws-java-sdk-inspector:1.11.18
com.amazonaws:aws-java-sdk-iot:1.11.18
com.amazonaws:aws-java-sdk-kinesis:1.11.18
com.amazonaws:aws-java-sdk-kms:1.11.18
com.amazonaws:aws-java-sdk-lambda:1.11.18
com.amazonaws:aws-java-sdk-logs:1.11.18
com.amazonaws:aws-java-sdk-machinelearning:1.11.18
com.amazonaws:aws-java-sdk-marketplacecommerceanalytics:1.11.18
com.amazonaws:aws-java-sdk-marketplacemeteringservice:1.11.18
com.amazonaws:aws-java-sdk-opsworks:1.11.18
com.amazonaws:aws-java-sdk-rds:1.11.18
com.amazonaws:aws-java-sdk-redshift:1.11.18
com.amazonaws:aws-java-sdk-route53:1.11.18
com.amazonaws:aws-java-sdk-s3:1.11.18
com.amazonaws:aws-java-sdk-servicecatalog:1.11.18
com.amazonaws:aws-java-sdk-ses:1.11.18
com.amazonaws:aws-java-sdk-simpledb:1.11.18
com.amazonaws:aws-java-sdk-simpleworkflow:1.11.18
com.amazonaws:aws-java-sdk-sns:1.11.28
com.amazonaws:aws-java-sdk-sqs:1.11.28
com.amazonaws:aws-java-sdk-ssm:1.11.18
com.amazonaws:aws-java-sdk-storagegateway:1.11.18
com.amazonaws:aws-java-sdk-sts:1.11.18
com.amazonaws:aws-java-sdk-support:1.11.18
com.amazonaws:aws-java-sdk-swf-libraries:1.11.18
com.amazonaws:aws-java-sdk-waf:1.11.18
com.amazonaws:aws-java-sdk-workspaces:1.11.18
com.amazonaws:aws-java-sdk:1.11.18
com.amazonaws:jmespath-java:1.0
com.beust:jcommander:1.48
com.bloidonia:groovy-common-extensions:0.6.0
com.codahale.metrics:metrics-core:3.0.2
com.datastax.cassandra:cassandra-driver-core:3.0.2
com.datastax.cassandra:cassandra-driver-extras:3.0.2
com.eaio.uuid:uuid:3.2
com.esotericsoftware.kryo:kryo:2.24.0
com.esotericsoftware.minlog:minlog:1.2
com.fasterxml.jackson.core:jackson-annotations:2.8.2
com.fasterxml.jackson.core:jackson-core:2.8.2
com.fasterxml.jackson.core:jackson-databind:2.8.2
com.fasterxml.jackson.dataformat:jackson-dataformat-cbor:2.7.5
com.fasterxml.jackson.dataformat:jackson-dataformat-csv:2.8.1
com.fasterxml.jackson.dataformat:jackson-dataformat-smile:2.7.4
com.fasterxml.jackson.dataformat:jackson-dataformat-xml:2.4.5
com.fasterxml.jackson.dataformat:jackson-dataformat-yaml:2.4.5
com.fasterxml.jackson.datatype:jackson-datatype-guava:2.8.2
com.fasterxml.jackson.datatype:jackson-datatype-jdk8:2.8.2
com.fasterxml.jackson.datatype:jackson-datatype-joda:2.4.5
com.fasterxml.jackson.datatype:jackson-datatype-json-org:2.8.2
com.fasterxml.jackson.jaxrs:jackson-jaxrs-base:2.4.5
com.fasterxml.jackson.jaxrs:jackson-jaxrs-json-provider:2.4.5
com.fasterxml.jackson.module:jackson-module-afterburner:2.8.2
com.fasterxml.jackson.module:jackson-module-jaxb-annotations:2.8.2
com.fasterxml.jackson.module:jackson-module-jsonSchema:2.8.2
com.fasterxml.jackson.module:jackson-module-scala_2.10:2.2.2
com.github.fge:btf:1.2
com.github.fge:jackson-coreutils:1.8
com.github.fge:json-schema-core:1.2.5
com.github.fge:json-schema-validator:2.2.6
com.github.fge:msg-simple:1.1
com.github.fge:uri-template:0.9
com.github.fommil.netlib:all:1.1.2
com.github.fommil.netlib:core:1.1.2
com.github.fommil.netlib:native_ref-java:1.1
com.github.fommil.netlib:native_system-java:1.1
com.github.fommil.netlib:netlib-native_ref-linux-armhf:1.1
com.github.fommil.netlib:netlib-native_ref-linux-i686:1.1
com.github.fommil.netlib:netlib-native_ref-linux-x86_64:1.1
com.github.fommil.netlib:netlib-native_ref-osx-x86_64:1.1
com.github.fommil.netlib:netlib-native_ref-win-i686:1.1
com.github.fommil.netlib:netlib-native_ref-win-x86_64:1.1
com.github.fommil.netlib:netlib-native_system-linux-armhf:1.1
com.github.fommil.netlib:netlib-native_system-linux-i686:1.1
com.github.fommil.netlib:netlib-native_system-linux-x86_64:1.1
com.github.fommil.netlib:netlib-native_system-osx-x86_64:1.1
com.github.fommil.netlib:netlib-native_system-win-i686:1.1
com.github.fommil.netlib:netlib-native_system-win-x86_64:1.1
com.github.fommil:jniloader:1.1
com.github.stephenc.high-scale-lib:high-scale-lib:1.1.2
com.github.stephenc:jamm:0.2.5
com.google.api-client:google-api-client-android:1.21.0
com.google.api-client:google-api-client-appengine:1.22.0
com.google.api-client:google-api-client-gson:1.21.0
com.google.api-client:google-api-client-jackson2:1.21.0
com.google.api-client:google-api-client-java6:1.21.0
com.google.api-client:google-api-client-servlet:1.22.0
com.google.api-client:google-api-client:1.22.0
com.google.apis:google-api-services-androidpublisher:v2-rev25-1.21.0
com.google.code.findbugs:annotations:3.0.1
com.google.code.findbugs:bcel-findbugs:6.0
com.google.code.findbugs:findbugs:3.0.0
com.google.code.findbugs:jFormatString:3.0.0
com.google.code.findbugs:jsr305:3.0.1
com.google.code.gson:gson:2.6.2
com.google.code.simplejpa:simplejpa:alpha-0.7
com.google.code.typica:typica:1.5.2a
com.google.guava:guava-jdk5:17.0
com.google.guava:guava:19.0
com.google.http-client:google-http-client-android:1.21.0
com.google.http-client:google-http-client-appengine:1.22.0
com.google.http-client:google-http-client-gson:1.21.0
com.google.http-client:google-http-client-jackson2:1.22.0
com.google.http-client:google-http-client-jdo:1.22.0
com.google.http-client:google-http-client:1.22.0
com.google.inject.extensions:guice-assistedinject:4.1.0
com.google.inject.extensions:guice-grapher:4.1.0
com.google.inject.extensions:guice-multibindings:4.1.0
com.google.inject.extensions:guice-servlet:4.1.0
com.google.inject.extensions:guice-throwingproviders:4.1.0
com.google.inject:guice:4.1.0
com.google.oauth-client:google-oauth-client-appengine:1.22.0
com.google.oauth-client:google-oauth-client-java6:1.21.0
com.google.oauth-client:google-oauth-client-jetty:1.21.0
com.google.oauth-client:google-oauth-client-servlet:1.22.0
com.google.oauth-client:google-oauth-client:1.22.0
com.google.protobuf:protobuf-java:3.0.0
com.googlecode.concurrentlinkedhashmap:concurrentlinkedhashmap-lru:1.3
com.googlecode.java-diff-utils:diffutils:1.2.1
com.googlecode.json-simple:json-simple:1.1.1
com.googlecode.libphonenumber:libphonenumber:7.0.6
com.googlecode.matrix-toolkits-java:mtj:1.0.3
com.googlecode.owasp-java-html-sanitizer:owasp-java-html-sanitizer:r136
com.ibm.icu:icu4j:54.1.1
com.jamesmurty:java-xmlbuilder:0.4
com.jayway.jsonpath:json-path:2.2.0
com.jcraft:jsch:0.1.50
com.jcraft:jzlib:1.1.3
com.leansoft:bigqueue:0.7.0
com.lmax:disruptor:3.0.1
com.ncr.teradata:tdgssconfig:14.10.00.26
com.ncr.teradata:terajdbc4:14.10.00.26
com.netflix.rxjava:rxjava-core:0.9.2
com.ning:compress-lzf:0.9.5
com.noelios.restlet.ext.httpclient_3.1:com.noelios.restlet.ext.httpclient_3.1:1.1-RC2
com.noelios.restlet.ext.servlet_2.5:com.noelios.restlet.ext.servlet_2.5:1.1-RC2
com.noelios.restlet:com.noelios.restlet:1.1-RC2
com.oracle:ojdbc14:10.1.0.5.0
com.perforce:p4java:2012.3.551082
com.spatial4j:spatial4j:0.4.1
com.sun.jdmk:jmxtools:1.2.1
com.sun.jersey.contribs:jersey-apache-client4:1.19.1
com.sun.jersey.contribs:jersey-apache-client:1.19.1
com.sun.jersey.contribs:jersey-guice:1.19.1
com.sun.jersey.contribs:jersey-multipart:1.19.1
com.sun.jersey.contribs:jersey-spring:1.19.1
com.sun.jersey:jersey-client:1.19.1
com.sun.jersey:jersey-core:1.19.1
com.sun.jersey:jersey-json:1.19.1
com.sun.jersey:jersey-server:1.19.1
com.sun.jersey:jersey-servlet:1.19.1
com.sun.xml.bind:jaxb-core:2.2.11
com.sun.xml.bind:jaxb-impl:2.2.11
com.thinkaurelius.thrift:thrift-server:0.3.7
com.thoughtworks.paranamer:paranamer:2.5.7
com.thoughtworks.xstream:xstream:1.4.9-propergol1
com.wordnik:swagger-annotations_2.10:1.3.0
com.wordnik:swagger-core_2.10:1.3.0
com.wordnik:swagger-jaxrs_2.10:1.3.0
com.wordnik:swagger-jersey-jaxrs_2.10:1.3.0
com.yammer.metrics:metrics-core:2.2.0
commons-beanutils:commons-beanutils:1.9.2
commons-cli:commons-cli:1.3.1
commons-codec:commons-codec:20070823
commons-collections:commons-collections:3.2.2
commons-configuration:commons-configuration:1.10
commons-fileupload:commons-fileupload:1.3.1
commons-httpclient:commons-httpclient:3.1
commons-io:commons-io:2.5
commons-jxpath:commons-jxpath:1.3
commons-lang3:commons-lang3:3.1
commons-lang:commons-lang:2.6
commons-logging:commons-logging:1.2
commons-net:commons-net:3.0.1
commons-pool:commons-pool:1.6
dom4j:dom4j:1.6.1
edu.stanford.ppl:snaptree:0.1
ftp4che:ftp4che:0.7.1
gov.sandia.foundry:gov-sandia-cognition-common-core:3.4.3
gov.sandia.foundry:gov-sandia-cognition-common-data:3.4.3
gov.sandia.foundry:gov-sandia-cognition-learning-core:3.4.3
high-scale-lib:high-scale-lib:1.1.2
httpunit:httpunit:1.7
io.dropwizard.metrics:metrics-core:3.1.2
io.netty:netty-buffer:4.1.5.Final
io.netty:netty-codec-http:4.1.0.Final
io.netty:netty-codec:4.1.0.Final
io.netty:netty-common:4.1.5.Final
io.netty:netty-handler:4.1.0.Final
io.netty:netty-resolver:4.1.5.Final
io.netty:netty-transport-native-epoll:4.1.5.Final
io.netty:netty-transport:4.1.5.Final
io.netty:netty:3.9.0.Final
io.reactivex:rxclojure:1.0.0
io.reactivex:rxgroovy:1.0.3
io.reactivex:rxjava-async-util:0.21.0
io.reactivex:rxjava-debug:1.0.3
io.reactivex:rxjava-guava:1.0.2
io.reactivex:rxjava-math:1.0.0
io.reactivex:rxjava:1.1.10
io.reactivex:rxnetty-common:0.5.2-rc.3
io.reactivex:rxnetty-http:0.5.2-rc.3
io.reactivex:rxnetty-tcp:0.5.2-rc.3
io.swagger:swagger-annotations:1.5.9
io.swagger:swagger-core:1.5.9
io.swagger:swagger-jaxrs:1.5.9
io.swagger:swagger-models:1.5.9
javassist:javassist:3.12.1.GA
javax.activation:activation:1.1
javax.annotation:javax.annotation-api:1.2
javax.el:javax.el-api:2.2.4
javax.inject:javax.inject:1
javax.jdo:jdo2-api:2.3-eb
javax.jms:jms:1.1
javax.json:javax.json-api:1.0
javax.mail:mail:1.4.7
javax.mail:mailapi:1.4.3
javax.persistence:persistence-api:1.0
javax.servlet:javax.servlet-api:3.1.0
javax.servlet:servlet-api:2.5
javax.transaction:transaction-api:1.1
javax.validation:validation-api:1.1.0.Final
javax.websocket:javax.websocket-api:1.0
javax.ws.rs:jsr311-api:1.1.1
javax.xml.bind:jaxb-api:2.2.11
jaxen:jaxen:1.1.6
jdbm:jdbm:3.0alpha3
jdom:jdom:1.0
jline:jline:1.0
joda-time:joda-time:2.9.4
jtidy:jtidy:4aug2000r7-dev
junit:junit-dep:4.10
junit:junit:4.13.1
log4j:log4j:1.2.17
net.java.dev.jets3t:jets3t:0.9.0
net.jcip:jcip-annotations:1.0
net.jpountz.lz4:lz4:1.3.0
net.minidev:accessors-smart:1.1
net.minidev:json-smart:2.2.1
net.objectlab.kit:datecalc-common:1.2.0
net.objectlab.kit:datecalc-joda:1.2.0
net.sf.ehcache:ehcache:1.4.0
net.sf.ezmorph:ezmorph:1.0.6
net.sf.jgrapht:jgrapht:0.8.3
net.sf.jopt-simple:jopt-simple:4.6
net.sf.json-lib:json-lib:2.3
net.sf.jsr107cache:jsr107cache:1.0
net.sf.opencsv:opencsv:2.3
net.sf.scannotation:scannotation:1.0.2
net.sf.supercsv:super-csv:2.1.0
net.sf.trove4j:trove4j:3.0.3
net.sourceforge.cobertura:cobertura:2.1.1
net.sourceforge.f2j:arpack_combined_all:0.1
net.sourceforge.javacsv:javacsv:2.0
net.sourceforge.nekohtml:nekohtml:1.9.17
net.sourceforge.serp:serp:1.14.1
net.spy:spymemcached:2.11.4+5
nolan.inception:ariadne:1.4.7
nolan.inception:arthur:1.4.7
nolan.inception:domcobb:1.4.7
nolan.interstellar:josephcooper:1.1204.0
ognl:ognl:3.0.6
org.abego.treelayout:org.abego.treelayout.core:1.0.1
org.antlr:antlr-runtime:3.4
org.antlr:antlr4-annotations:4.3
org.antlr:antlr4-runtime:4.3
org.antlr:antlr:3.2
org.antlr:stringtemplate:3.2.1
org.apache.ant:ant-junit:1.8.3
org.apache.ant:ant-launcher:1.9.4
org.apache.ant:ant:1.9.4
org.apache.cassandra:cassandra-all:2.0.12
org.apache.cassandra:cassandra-thrift:2.0.12
org.apache.commons:commons-lang3:3.4
org.apache.commons:commons-math3:3.5
org.apache.commons:commons-math:2.2
org.apache.commons:commons-pool2:2.4.2
org.apache.curator:curator-client:2.10.0
org.apache.curator:curator-framework:2.10.0
org.apache.curator:curator-recipes:2.10.0
org.apache.cxf:cxf:2.2.3
org.apache.geronimo.bundles:json:20090211_1
org.apache.geronimo.specs:geronimo-jms_1.1_spec:1.1.1
org.apache.geronimo.specs:geronimo-jpa_2.0_spec:1.1
org.apache.geronimo.specs:geronimo-jta_1.1_spec:1.1.1
org.apache.geronimo.specs:geronimo-stax-api_1.0_spec:1.0.1
org.apache.httpcomponents:httpclient:4.5.2
org.apache.httpcomponents:httpcore:4.4.4
org.apache.httpcomponents:httpmime:4.5.2
org.apache.kafka:kafka-clients:0.8.2.2-nflx.15
org.apache.kafka:kafka_2.10:0.8.2.2-nflx.8
org.apache.logging.log4j:log4j:2.5
org.apache.lucene:lucene-analyzers-common:4.7.0
org.apache.lucene:lucene-codecs:4.7.0
org.apache.lucene:lucene-core:4.7.0
org.apache.lucene:lucene-grouping:4.7.0
org.apache.lucene:lucene-highlighter:4.7.0
org.apache.lucene:lucene-join:4.7.0
org.apache.lucene:lucene-memory:4.7.0
org.apache.lucene:lucene-misc:4.7.0
org.apache.lucene:lucene-queries:4.7.0
org.apache.lucene:lucene-queryparser:4.7.0
org.apache.lucene:lucene-sandbox:4.7.0
org.apache.lucene:lucene-spatial:4.7.0
org.apache.lucene:lucene-suggest:4.7.0
org.apache.openjpa:openjpa:2.2.1
org.apache.servicemix.bundles:org.apache.servicemix.bundles.commons-csv:1.0-r706900_3
org.apache.solr:solr-solrj:3.1.0
org.apache.struts.xwork:xwork-core:2.3.24
org.apache.struts:struts2-core:2.3.24
org.apache.struts:struts2-spring-plugin:2.3.20
org.apache.thrift:libthrift:0.9.2
org.apache.zookeeper:zookeeper:3.4.7-nflx.1
org.aspectj:aspectjweaver:1.7.1
org.assertj:assertj-core:3.4.1
org.beanshell:bsh:2.0b4
org.bouncycastle:bcmail-jdk15on:1.46
org.bouncycastle:bcmail-jdk16:1.46
org.bouncycastle:bcpg-jdk16:1.46
org.bouncycastle:bcprov-jdk15on:1.46
org.bouncycastle:bcprov-jdk16:1.46
org.clojure:clojure:1.5.1
org.codehaus.gpars:gpars:1.0.0
org.codehaus.groovy.modules.http-builder:http-builder:0.7.2
org.codehaus.groovy:groovy-all:2.4.7
org.codehaus.jackson:jackson-core-asl:1.9.13
org.codehaus.jackson:jackson-jaxrs:1.9.2
org.codehaus.jackson:jackson-mapper-asl:1.9.13
org.codehaus.jackson:jackson-xc:1.9.13
org.codehaus.jettison:jettison:1.3.7
org.codehaus.jsr166-mirror:jsr166y:1.7.0
org.codehaus.woodstox:stax2-api:3.1.4
org.codehaus.woodstox:wstx-asl:3.2.9
org.eclipse.jetty:jetty-util:9.4.0.M0
org.elasticsearch:elasticsearch:1.1.0
org.freemarker:freemarker:2.3.22
org.functionaljava:functionaljava:2.23
org.hamcrest:hamcrest-core:1.3
org.hdrhistogram:HdrHistogram:2.1.9
org.hibernate:hibernate-validator:4.3.0.Final
org.javassist:javassist:3.20.0-GA
org.jboss.logging:jboss-logging:3.1.0.CR2
org.jboss.modules:jboss-modules:1.3.0.Final
org.joda:joda-convert:1.2
org.json4s:json4s-ast_2.10:3.2.4
org.json4s:json4s-core_2.10:3.2.4
org.json4s:json4s-ext_2.10:3.2.4
org.json4s:json4s-jackson_2.10:3.2.4
org.json4s:json4s-native_2.10:3.2.4
org.json:json:20160807
org.jvnet.mimepull:mimepull:1.9.3
org.jvnet:animal-sniffer-annotation:1.0
org.mindrot:jbcrypt:0.3m
org.mockito:mockito-all:1.10.19
org.mockito:mockito-core:1.10.19
org.mortbay.jetty:jetty-util:6.1.26
org.mortbay.jetty:jetty:6.1.26
org.mortbay.jetty:servlet-api-2.5:6.1.14
org.mortbay.jetty:servlet-api:2.5-20081211
org.mozilla:rhino:1.7R4
org.mvel:mvel2:2.2.7.Final
org.objenesis:objenesis:2.1
org.ow2.asm:asm-analysis:5.0.1
org.ow2.asm:asm-commons:5.0.1
org.ow2.asm:asm-debug-all:5.0.2
org.ow2.asm:asm-tree:5.0.1
org.ow2.asm:asm-util:5.0.1
org.ow2.asm:asm:5.0.4
org.picocontainer:picocontainer:2.14.1
org.reflections:reflections:0.9.10
org.restlet:org.restlet:1.1-RC2
org.scala-lang:scala-compiler:2.10.1
org.scala-lang:scala-library:2.10.6
org.scala-lang:scala-reflect:2.10.1
org.scala-lang:scalap:2.10.1
org.slf4j:slf4j-api:1.7.21
org.slf4j:slf4j-log4j12:1.7.21
org.slf4j:slf4j-simple:1.7.21
org.spockframework:spock-core:1.0-groovy-2.4
org.springframework:spring-aop:4.2.5.RELEASE
org.springframework:spring-beans:4.2.5.RELEASE
org.springframework:spring-context-support:4.2.5.RELEASE
org.springframework:spring-context:4.2.5.RELEASE
org.springframework:spring-core:4.2.5.RELEASE
org.springframework:spring-expression:4.2.5.RELEASE
org.springframework:spring-jdbc:4.2.5.RELEASE
org.springframework:spring-test:4.2.5.RELEASE
org.springframework:spring-tx:4.2.5.RELEASE
org.springframework:spring-web:4.2.5.RELEASE
org.springframework:spring:2.5.6
org.testng:testng:6.9.11
org.webjars:swagger-ui:2.1.4
org.xerial.snappy:snappy-java:1.1.1.6
org.yaml:snakeyaml:1.12
oro:oro:2.0.8
redis.clients:jedis:2.8.1
rome:rome:1.0
safenet:lunaprovider:5.3.0
scott.a.good.year:maxskinner:0.19
scott.alien:brett:0.2.51-platform
scott.alien:lambert:0.2.51-platform
scott.alien:ripley:0.2.51-platform
scott.american.gangster:detnicktrupo:0.3.11.18
scott.american.gangster:detrichardroberts:0.4.15.18
scott.american.gangster:franklucas:0.3.11.18
scott.american.gangster:hueylucas:0.4.15.18
scott.american.gangster:leroynicholasbarnes:0.4.15.18
scott.black.hawk.down:caseyjoyce:1.55.21
scott.black.hawk.down:character0:3.3.0
scott.black.hawk.down:character100:1.4.0
scott.black.hawk.down:character101:2.4295
scott.black.hawk.down:character102:59.146
scott.black.hawk.down:character103:733676
scott.black.hawk.down:character104:1.19
scott.black.hawk.down:character105:1.765
scott.black.hawk.down:character106:1.486.0
scott.black.hawk.down:character107:1.87
scott.black.hawk.down:character108:1.1452.0
scott.black.hawk.down:character109:1.23.0
scott.black.hawk.down:character10:1.765
scott.black.hawk.down:character110:1.893.0
scott.black.hawk.down:character111:1.765
scott.black.hawk.down:character112:3.6
scott.black.hawk.down:character113:1.69
scott.black.hawk.down:character114:2.24
scott.black.hawk.down:character115:1.24.0
scott.black.hawk.down:character116:1.17.0
scott.black.hawk.down:character117:1.48.0
scott.black.hawk.down:character118:999.26
scott.black.hawk.down:character119:1.31.0
scott.black.hawk.down:character11:35.2
scott.black.hawk.down:character120:8.32
scott.black.hawk.down:character121:2.102.1
scott.black.hawk.down:character122:1.293.0
scott.black.hawk.down:character123:2.30.0
scott.black.hawk.down:character124:46.76
scott.black.hawk.down:character125:1.20.0
scott.black.hawk.down:character126:1.359.0
scott.black.hawk.down:character127:230.37
scott.black.hawk.down:character128:10.11
scott.black.hawk.down:character129:35.2
scott.black.hawk.down:character12:2.53
scott.black.hawk.down:character130:30.6.0
scott.black.hawk.down:character131:1.26.0
scott.black.hawk.down:character132:1.319.0
scott.black.hawk.down:character133:3.66.0
scott.black.hawk.down:character134:1.814
scott.black.hawk.down:character135:1.31
scott.black.hawk.down:character136:1.10
scott.black.hawk.down:character137:1.3
scott.black.hawk.down:character138:18.7
scott.black.hawk.down:character139:1.11.0
scott.black.hawk.down:character13:626.111
scott.black.hawk.down:character140:1.24.0
scott.black.hawk.down:character141:2.333
scott.black.hawk.down:character142:1.1
scott.black.hawk.down:character143:1.179.0
scott.black.hawk.down:character144:1.278
scott.black.hawk.down:character145:1.19.0
scott.black.hawk.down:character146:1.4.0
scott.black.hawk.down:character147:1.3
scott.black.hawk.down:character148:1.3
scott.black.hawk.down:character149:4.68.0
scott.black.hawk.down:character14:3.3.0
scott.black.hawk.down:character150:2.111
scott.black.hawk.down:character151:1.50.0
scott.black.hawk.down:character152:2.1873.0
scott.black.hawk.down:character153:1.30.0
scott.black.hawk.down:character154:5.77
scott.black.hawk.down:character155:128.21
scott.black.hawk.down:character156:1.07
scott.black.hawk.down:character157:59.146
scott.black.hawk.down:character158:5.77
scott.black.hawk.down:character159:19.61
scott.black.hawk.down:character15:3.3.0
scott.black.hawk.down:character160:1.222.0
scott.black.hawk.down:character161:23.36
scott.black.hawk.down:character162:1.4.0
scott.black.hawk.down:character163:36.13
scott.black.hawk.down:character164:141.48
scott.black.hawk.down:character165:1.21
scott.black.hawk.down:character166:2.102.1
scott.black.hawk.down:character167:46.76
scott.black.hawk.down:character168:1.16
scott.black.hawk.down:character169:3.172
scott.black.hawk.down:character16:600.13
scott.black.hawk.down:character170:1.614.0
scott.black.hawk.down:character171:1.17
scott.black.hawk.down:character172:1.0.0
scott.black.hawk.down:character173:1.3
scott.black.hawk.down:character174:90.0.152
scott.black.hawk.down:character175:138.451
scott.black.hawk.down:character176:1.3.0
scott.black.hawk.down:character177:1.57.0
scott.black.hawk.down:character178:1.60.0
scott.black.hawk.down:character179:1.19.0
scott.black.hawk.down:character17:1.31
scott.black.hawk.down:character180:3.33.0
scott.black.hawk.down:character181:1.1.44
scott.black.hawk.down:character182:1.40
scott.black.hawk.down:character183:1.54.0
scott.black.hawk.down:character184:1.17.0
scott.black.hawk.down:character185:1.3
scott.black.hawk.down:character186:0.94.0
scott.black.hawk.down:character187:1.51
scott.black.hawk.down:character188:88.504
scott.black.hawk.down:character189:3.60
scott.black.hawk.down:character18:2.333
scott.black.hawk.down:character190:626.111
scott.black.hawk.down:character191:1.38.0
scott.black.hawk.down:character192:1.0.0
scott.black.hawk.down:character193:1.17.0
scott.black.hawk.down:character194:1.15
scott.black.hawk.down:character195:3.6
scott.black.hawk.down:character196:1.0
scott.black.hawk.down:character197:46.66
scott.black.hawk.down:character198:1.87
scott.black.hawk.down:character199:1.29.0
scott.black.hawk.down:character19:1.765
scott.black.hawk.down:character1:1.7
scott.black.hawk.down:character200:3.3.0
scott.black.hawk.down:character201:4.0
scott.black.hawk.down:character202:1.66.0
scott.black.hawk.down:character203:3.3.0
scott.black.hawk.down:character204:97.0
scott.black.hawk.down:character205:3.3.0
scott.black.hawk.down:character206:0.1.0
scott.black.hawk.down:character207:2.9.0
scott.black.hawk.down:character208:3.3.0
scott.black.hawk.down:character209:2.333
scott.black.hawk.down:character20:3.3.0
scott.black.hawk.down:character210:2.54
scott.black.hawk.down:character211:1.23
scott.black.hawk.down:character212:1.19
scott.black.hawk.down:character213:8.32
scott.black.hawk.down:character214:3.3.0
scott.black.hawk.down:character215:1.4.0
scott.black.hawk.down:character216:3.165
scott.black.hawk.down:character217:2.22.0
scott.black.hawk.down:character218:120.56
scott.black.hawk.down:character219:2.22.0
scott.black.hawk.down:character21:1.54.0
scott.black.hawk.down:character220:1.880
scott.black.hawk.down:character221:1.63.0
scott.black.hawk.down:character222:1.125.0
scott.black.hawk.down:character223:2.57
scott.black.hawk.down:character224:1.44
scott.black.hawk.down:character225:1.20
scott.black.hawk.down:character226:1.66.0
scott.black.hawk.down:character227:1.88
scott.black.hawk.down:character228:2.102.1
scott.black.hawk.down:character229:24.2
scott.black.hawk.down:character22:1.139
scott.black.hawk.down:character230:1.18.0
scott.black.hawk.down:character231:2.1573.0
scott.black.hawk.down:character232:1.3
scott.black.hawk.down:character233:1.31.0
scott.black.hawk.down:character234:1.271.0
scott.black.hawk.down:character235:2.0.0
scott.black.hawk.down:character236:95.20
scott.black.hawk.down:character237:1.424
scott.black.hawk.down:character238:1.486.0
scott.black.hawk.down:character239:1.87
scott.black.hawk.down:character23:1.765
scott.black.hawk.down:character240:59.146
scott.black.hawk.down:character241:1.43
scott.black.hawk.down:character242:1.41.0
scott.black.hawk.down:character243:2.30
scott.black.hawk.down:character244:2.1.695
scott.black.hawk.down:character245:1.317.0
scott.black.hawk.down:character246:1.9.0
scott.black.hawk.down:character247:1.190.0
scott.black.hawk.down:character248:1.13
scott.black.hawk.down:character249:1.152.0
scott.black.hawk.down:character24:2.1.694
scott.black.hawk.down:character250:1.44
scott.black.hawk.down:character251:59.146
scott.black.hawk.down:character252:1.38.0
scott.black.hawk.down:character253:1.9.0
scott.black.hawk.down:character254:1.75.0
scott.black.hawk.down:character255:46.76
scott.black.hawk.down:character256:27.82
scott.black.hawk.down:character257:1.424
scott.black.hawk.down:character258:59.146
scott.black.hawk.down:character259:57.363
scott.black.hawk.down:character25:3.3.0
scott.black.hawk.down:character260:119.97
scott.black.hawk.down:character261:157.1
scott.black.hawk.down:character262:46.76
scott.black.hawk.down:character263:1.36.0
scott.black.hawk.down:character264:120.56
scott.black.hawk.down:character265:2.10.0
scott.black.hawk.down:character266:1.66
scott.black.hawk.down:character267:1.54.0
scott.black.hawk.down:character268:5.194
scott.black.hawk.down:character269:191.2
scott.black.hawk.down:character26:1.4
scott.black.hawk.down:character270:1.21
scott.black.hawk.down:character271:1.103.0
scott.black.hawk.down:character272:1.23
scott.black.hawk.down:character273:23.82
scott.black.hawk.down:character274:1.145
scott.black.hawk.down:character275:5.194
scott.black.hawk.down:character276:2.155.0
scott.black.hawk.down:character277:1.5
scott.black.hawk.down:character278:1.36.0
scott.black.hawk.down:character279:2.1573.0
scott.black.hawk.down:character27:30.6.0
scott.black.hawk.down:character280:1.1.0
scott.black.hawk.down:character281:1.654.0
scott.black.hawk.down:character282:1.424
scott.black.hawk.down:character283:1.12.0
scott.black.hawk.down:character284:2.30.0
scott.black.hawk.down:character285:1.43
scott.black.hawk.down:character286:2.17.0
scott.black.hawk.down:character287:2.1.693
scott.black.hawk.down:character288:1.2
scott.black.hawk.down:character289:2.921.0
scott.black.hawk.down:character28:46.76
scott.black.hawk.down:character290:46.76
scott.black.hawk.down:character291:2.1
scott.black.hawk.down:character292:1.14
scott.black.hawk.down:character293:2.102.1
scott.black.hawk.down:character294:1.5.17
scott.black.hawk.down:character295:2.22.0
scott.black.hawk.down:character296:1.3.0
scott.black.hawk.down:character297:141.48
scott.black.hawk.down:character298:1.20
scott.black.hawk.down:character299:120.58
scott.black.hawk.down:character29:1.49.0
scott.black.hawk.down:character2:0.1.0
scott.black.hawk.down:character300:1.17.0
scott.black.hawk.down:character301:1.223
scott.black.hawk.down:character302:1.765
scott.black.hawk.down:character303:361826
scott.black.hawk.down:character304:1.171.0
scott.black.hawk.down:character305:1.15
scott.black.hawk.down:character306:1.116.0
scott.black.hawk.down:character307:1.41.0
scott.black.hawk.down:character308:10.148
scott.black.hawk.down:character309:1.23
scott.black.hawk.down:character30:2.102.1
scott.black.hawk.down:character310:59.146
scott.black.hawk.down:character311:51.515.0
scott.black.hawk.down:character312:1.40
scott.black.hawk.down:character313:4.4
scott.black.hawk.down:character314:626.111
scott.black.hawk.down:character315:157.1
scott.black.hawk.down:character316:90.0.150
scott.black.hawk.down:character317:3.43
scott.black.hawk.down:character318:2.401
scott.black.hawk.down:character319:1.56.0
scott.black.hawk.down:character31:1.198.0
scott.black.hawk.down:character320:119.97
scott.black.hawk.down:character321:23.394
scott.black.hawk.down:character322:100.112
scott.black.hawk.down:character323:1.0.0
scott.black.hawk.down:character324:230.37
scott.black.hawk.down:character325:3.43
scott.black.hawk.down:character326:46.76
scott.black.hawk.down:character327:1.16
scott.black.hawk.down:character328:1.12.0
scott.black.hawk.down:character329:2.111
scott.black.hawk.down:character32:2.57
scott.black.hawk.down:character330:1.1464
scott.black.hawk.down:character331:2.102.1
scott.black.hawk.down:character332:120.56
scott.black.hawk.down:character333:1.17.0
scott.black.hawk.down:character334:1.16.0
scott.black.hawk.down:character335:1.43
scott.black.hawk.down:character336:1.29
scott.black.hawk.down:character337:1.14.0
scott.black.hawk.down:character338:3.3.0
scott.black.hawk.down:character339:1.224.0
scott.black.hawk.down:character33:1.7.0
scott.black.hawk.down:character340:1.9.0
scott.black.hawk.down:character341:1.69
scott.black.hawk.down:character342:1.139
scott.black.hawk.down:character343:1.220
scott.black.hawk.down:character344:1.15.0
scott.black.hawk.down:character345:36.13
scott.black.hawk.down:character346:36.13
scott.black.hawk.down:character347:1.140
scott.black.hawk.down:character348:1.22.0
scott.black.hawk.down:character349:1.23
scott.black.hawk.down:character34:57.932
scott.black.hawk.down:character350:101.580
scott.black.hawk.down:character351:1.43
scott.black.hawk.down:character352:1.3.0
scott.black.hawk.down:character353:24.25
scott.black.hawk.down:character354:1.7
scott.black.hawk.down:character355:2.24
scott.black.hawk.down:character356:1.43.0
scott.black.hawk.down:character357:1.0.0
scott.black.hawk.down:character358:141.48
scott.black.hawk.down:character359:59.146
scott.black.hawk.down:character35:2.1
scott.black.hawk.down:character360:1.448.0
scott.black.hawk.down:character361:1.51.0
scott.black.hawk.down:character362:2.333
scott.black.hawk.down:character363:59.146
scott.black.hawk.down:character364:1.12.0
scott.black.hawk.down:character365:1.30
scott.black.hawk.down:character366:1.713.0
scott.black.hawk.down:character367:2.4295
scott.black.hawk.down:character368:600.13
scott.black.hawk.down:character369:1.31.0
scott.black.hawk.down:character36:2.30.0
scott.black.hawk.down:character370:119.97
scott.black.hawk.down:character371:3.3.0
scott.black.hawk.down:character372:3.48.0
scott.black.hawk.down:character373:158.1
scott.black.hawk.down:character374:30.6.0
scott.black.hawk.down:character375:1.49.0
scott.black.hawk.down:character376:0.94.0
scott.black.hawk.down:character377:3.43
scott.black.hawk.down:character378:3.3.0
scott.black.hawk.down:character379:1.43
scott.black.hawk.down:character37:2.1.695
scott.black.hawk.down:character380:1.273
scott.black.hawk.down:character381:1.2
scott.black.hawk.down:character382:2.457
scott.black.hawk.down:character383:1.6.0
scott.black.hawk.down:character384:1.486.0
scott.black.hawk.down:character385:3.3.0
scott.black.hawk.down:character386:1.5.0
scott.black.hawk.down:character387:3.3.0
scott.black.hawk.down:character388:626.111
scott.black.hawk.down:character389:1.24.0
scott.black.hawk.down:character38:2.30
scott.black.hawk.down:character390:1.3
scott.black.hawk.down:character391:1.18
scott.black.hawk.down:character392:1.405
scott.black.hawk.down:character393:2.250
scott.black.hawk.down:character394:1.30.0
scott.black.hawk.down:character395:1.0.0
scott.black.hawk.down:character396:1.756
scott.black.hawk.down:character397:141.48
scott.black.hawk.down:character398:1.765
scott.black.hawk.down:character399:1.17
scott.black.hawk.down:character39:3.3.0
scott.black.hawk.down:character3:56.16.0
scott.black.hawk.down:character400:3.3.0
scott.black.hawk.down:character401:1.242.0
scott.black.hawk.down:character402:1.486.0
scott.black.hawk.down:character403:3.3.0
scott.black.hawk.down:character404:1.6.0
scott.black.hawk.down:character405:1.52.0
scott.black.hawk.down:character406:195.2
scott.black.hawk.down:character407:1.4.0
scott.black.hawk.down:character408:1.112
scott.black.hawk.down:character409:1.112
scott.black.hawk.down:character40:600.13
scott.black.hawk.down:character410:24.25
scott.black.hawk.down:character41:1.104
scott.black.hawk.down:character42:1.48.0
scott.black.hawk.down:character43:46.76
scott.black.hawk.down:character44:2.412
scott.black.hawk.down:character45:600.13
scott.black.hawk.down:character46:1.177.0
scott.black.hawk.down:character47:59.146
scott.black.hawk.down:character48:1.655.0
scott.black.hawk.down:character49:1.765
scott.black.hawk.down:character4:1.59
scott.black.hawk.down:character50:1.38.4
scott.black.hawk.down:character51:46.76
scott.black.hawk.down:character52:5.194
scott.black.hawk.down:character53:1.3
scott.black.hawk.down:character54:1.114
scott.black.hawk.down:character55:1.53.0
scott.black.hawk.down:character56:124.82
scott.black.hawk.down:character57:1.4.0
scott.black.hawk.down:character58:1.58.0
scott.black.hawk.down:character59:1.405
scott.black.hawk.down:character5:230.37
scott.black.hawk.down:character60:2.57
scott.black.hawk.down:character61:2.92
scott.black.hawk.down:character62:88.504
scott.black.hawk.down:character63:1.486.0
scott.black.hawk.down:character64:1.70.0
scott.black.hawk.down:character65:55.23
scott.black.hawk.down:character66:1.78.0
scott.black.hawk.down:character67:2.102.1
scott.black.hawk.down:character68:1.6
scott.black.hawk.down:character69:1.61.0
scott.black.hawk.down:character6:3.60
scott.black.hawk.down:character70:600.13
scott.black.hawk.down:character71:1.43
scott.black.hawk.down:character72:3.14
scott.black.hawk.down:character73:1.342
scott.black.hawk.down:character74:3.67.0
scott.black.hawk.down:character75:2.1.695
scott.black.hawk.down:character76:1.41.0
scott.black.hawk.down:character77:4.4
scott.black.hawk.down:character78:10.148
scott.black.hawk.down:character79:2.102.1
scott.black.hawk.down:character7:0.13
scott.black.hawk.down:character80:1.1.0
scott.black.hawk.down:character81:2.47
scott.black.hawk.down:character82:5.77
scott.black.hawk.down:character83:1.2424.0
scott.black.hawk.down:character84:1.18
scott.black.hawk.down:character85:141.48
scott.black.hawk.down:character86:1.4
scott.black.hawk.down:character87:1.140
scott.black.hawk.down:character88:28.52
scott.black.hawk.down:character89:3.60
scott.black.hawk.down:character8:1.23.0
scott.black.hawk.down:character90:3.1.0
scott.black.hawk.down:character91:2.102.1
scott.black.hawk.down:character92:2.102.1
scott.black.hawk.down:character93:1.9.0
scott.black.hawk.down:character94:1.4.0
scott.black.hawk.down:character95:215993
scott.black.hawk.down:character96:57.101
scott.black.hawk.down:character97:1.145.0
scott.black.hawk.down:character98:2.30.0
scott.black.hawk.down:character99:1.13.0
scott.black.hawk.down:character9:1.58.0
scott.black.hawk.down:dalesizemore:1.11
scott.black.hawk.down:dannymcknight:51.2
scott.black.hawk.down:dominickpilla:1.92.0
scott.black.hawk.down:edyurek:1.765
scott.black.hawk.down:jamiesmith:1.126.0
scott.black.hawk.down:jeffstruecker:1.258.0
scott.black.hawk.down:johnbeales:2.111
scott.black.hawk.down:johngrimes:1.55.0
scott.black.hawk.down:johnmaddox:1.695.0
scott.black.hawk.down:johnwaddell:1.1648
scott.black.hawk.down:kenithomas:46.76
scott.black.hawk.down:kurtschmid:2.111
scott.black.hawk.down:lancetwombly:1.405
scott.black.hawk.down:lorenzoruiz:34.83
scott.black.hawk.down:matteversmann:2.38.0
scott.black.hawk.down:mcharacter419:1.6.4
scott.black.hawk.down:mikegoodale:1.10
scott.black.hawk.down:mikekurth:1.30
scott.black.hawk.down:mikesteele:1.9
scott.black.hawk.down:richardkowalewski:1.1335
scott.black.hawk.down:scottgalentine:1.24
scott.black.hawk.down:shawnnelson:2.96.0
scott.black.hawk.down:toddblackburn:1.424
scott.black.rain:nickconklin:0.15.0
scott.blade.runner:hannibalchew:2.2.0
scott.blade.runner:harrybryant:2.2.0
scott.blade.runner:rickdeckard:2.2.0
scott.blade.runner:roybatty:2.2.0
scott.body.of.lies:aisha:1.14.2
scott.body.of.lies:bassam:1.8.1
scott.body.of.lies:edhoffman:1.14.2
scott.body.of.lies:hanisalaam:1.14.2
scott.body.of.lies:omarsadiki:1.12.15
scott.body.of.lies:rogerferris:1.14.2
scott.conquest.of.paradise:christophercolumbus:1.0.338
scott.conquest.of.paradise:gabrielsanchez:1.0.335
scott.exodus.gods.and.kings:moses:4.45.0
scott.gladiator:antoniusproximo:1.65
scott.gladiator:commodus:1.65
scott.gladiator:maximusdecimusmeridius:1.65
scott.hannibal:claricestarling:1.2
scott.hannibal:hanniballecter:1.2
scott.kingdom.of.heaven:balian:2.0.0
scott.kingdom.of.heaven:sibylla:2.0.0
scott.legend:blix:1.0.7
scott.legend:browntom:1.0.7
scott.legend:darkness:1.22
scott.legend:honeythorngump:1.0.7
scott.legend:jack:1.1
scott.legend:princesslily:1.1
scott.legend:screwball:1.0.7
scott.matchstick.men:roywaller:1.16
scott.prometheus:elizabethshaw:1.36.1
scott.robin.hood:kingrichardthelionheart:0.40.0
scott.robin.hood:marionloxley:0.40.0
scott.robin.hood:princejohn:0.40.0
scott.robin.hood:robinlongstride:0.40.0
scott.robin.hood:sirgodfrey:0.40.0
scott.robin.hood:sirwalterloxley:0.40.0
scott.robin.hood:williammarshal:0.40.0
scott.someone.to.watch.over.me:clairegregory:3.9.0
scott.someone.to.watch.over.me:detmikekeegan:3.9.0
scott.someone.to.watch.over.me:elliekeegan:3.9.0
scott.someone.to.watch.over.me:joeyvenza:3.9.0
scott.someone.to.watch.over.me:koontz:3.9.0
scott.someone.to.watch.over.me:ltgarber:3.9.0
scott.someone.to.watch.over.me:neilsteinhart:3.9.0
scott.someone.to.watch.over.me:scotty:3.9.0
scott.someone.to.watch.over.me:tj:3.9.0
scott.someone.to.watch.over.me:winhockings:3.9.0
scott.the.counselor:thecounselor:1.5.2
scott.the.martian:markwatney:1.29.0
scott.the.martian:melissalewis:1.29.0
scott.thelma.and.louise:detectivehalslocumb:0.3.0
scott.thelma.and.louise:louiseelizabethsawyer:0.3.0
scott.thelma.and.louise:thelmayvonnedickinson:0.3.0
scott.white.squall:alicesheldon:1.4
scott.white.squall:christophersheldon:1.4
scott.white.squall:jesuschrist:1.0
sony:np_tcm:20110823
stax:stax-api:1.0.1
tarantino.boulevard.de.la.mort:abernathy:0.10.1
tarantino.boulevard.de.la.mort:arlene:0.12.7
tarantino.boulevard.de.la.mort:junglejulia:0.12.7
tarantino.boulevard.de.la.mort:pam:0.12.7
tarantino.boulevard.de.la.mort:shanna:0.12.7
tarantino.boulevard.de.la.mort:stuntmanmike:0.12.11
tarantino.inglourious.basterds:bridgetvonhammersmark:0.7.2
tarantino.inglourious.basterds:donnydonowitz:0.7.2
tarantino.inglourious.basterds:edfenech:0.7.2
tarantino.inglourious.basterds:fredrickzoller:0.7.2
tarantino.inglourious.basterds:smithsonutivich:0.7.2
tarantino.jackie.brown:jackiebrown:0.7.4
tarantino.jackie.brown:louisgara:2.1.5
tarantino.jackie.brown:markdargus:2.1.5
tarantino.jackie.brown:maxcherry:2.1.5
tarantino.jackie.brown:melanie:2.1.5
tarantino.jackie.brown:ordellrobbie:2.1.5
tarantino.jackie.brown:raynicolette:2.1.5
tarantino.kill.bill.vol.one:bill:0.1.1
tarantino.kill.bill.vol.one:blackmamba:0.3.0
tarantino.kill.bill.vol.one:budd:0.3.0
tarantino.kill.bill.vol.one:elledriver:0.3.0
tarantino.kill.bill.vol.one:orenishii:0.3.0
tarantino.kill.bill.vol.two:bill:0.25.0
tarantino.kill.bill.vol.two:blackmamba:0.25.0
tarantino.kill.bill.vol.two:orenishii:0.25.0
tarantino.pulp.fiction:butchcoolidge:1.5.4
tarantino.pulp.fiction:honeybunny:1.5.4
tarantino.pulp.fiction:juleswinnfield:1.5.4
tarantino.pulp.fiction:pumpkin:1.5.4
tarantino.pulp.fiction:vincentvega:1.5.4
tarantino.reservoir.dogs:mrwhite:1.265
tarantino.the.hateful.eight:majormarquiswarren:1.1
uk.co.real-logic:Agrona:0.4.5
xalan:serializer:2.7.2
xalan:xalan:2.7.1
xerces:xercesImpl:2.11.0
xml-apis:xml-apis:2.0.2
xml-resolver:xml-resolver:1.2
xmlpull:xmlpull:1.1.3.1
xmlunit:xmlunit:1.5
xpp3:xpp3_min:1.1.4c
